
Microsoft Visual Studio Solution File, Format Version 12.00
# Visual Studio Version 16
VisualStudioVersion = 16.0.31515.178
MinimumVisualStudioVersion = 10.0.40219.1
Project("{2150E333-8FDC-42A3-9474-1A3956D46DE8}") = "Services", "Services", "{A69CD53A-464C-496C-906B-047EAD539CB4}"
EndProject
Project("{2150E333-8FDC-42A3-9474-1A3956D46DE8}") = "Catalog", "Catalog", "{A6EF10F7-2944-4917-AFB6-7EDC261D43E5}"
EndProject
Project("{9A19103F-16F7-4668-BE54-9A1E7A4F7556}") = "Catalog.API", "Services\Catalog\Catalog.API\Catalog.API.csproj", "{38887455-F4C8-4B50-901E-243DE04C5484}"
EndProject
Project("{E53339B2-1760-4266-BCC7-CA923CBCF16C}") = "docker-compose", "docker-compose.dcproj", "{4621189A-5CED-470D-9686-0AB9B500A379}"
EndProject
Project("{2150E333-8FDC-42A3-9474-1A3956D46DE8}") = "Basket", "Basket", "{83FB337D-20E1-4619-9B5D-08BF0E75DFFC}"
EndProject
Project("{9A19103F-16F7-4668-BE54-9A1E7A4F7556}") = "Basket.API", "Services\Basket\Basket.API\Basket.API.csproj", "{C75ED9EC-FC61-4354-AFC3-0EF5F3DC5E85}"
EndProject
Project("{2150E333-8FDC-42A3-9474-1A3956D46DE8}") = "Discount", "Discount", "{20A058A2-9A1C-441C-96AD-A8B04A68C8F2}"
EndProject
Project("{9A19103F-16F7-4668-BE54-9A1E7A4F7556}") = "Discount.API", "Services\Discount\Discount.API\Discount.API.csproj", "{09095B78-C3A8-47AD-88B5-CF19AE09103A}"
EndProject
Project("{9A19103F-16F7-4668-BE54-9A1E7A4F7556}") = "Discount.Grpc", "Services\Discount\Discount.Grpc\Discount.Grpc.csproj", "{75E350D8-C0D5-4CDD-BB2E-E160FA644F37}"
EndProject
Project("{2150E333-8FDC-42A3-9474-1A3956D46DE8}") = "Ordering", "Ordering", "{35000FFB-593D-434D-8D39-9535D54CCAB0}"
EndProject
Project("{9A19103F-16F7-4668-BE54-9A1E7A4F7556}") = "Ordering.API", "Services\Ordering\Ordering.API\Ordering.API.csproj", "{AB20383B-FBA3-435F-9E6F-6FBB7CE77E47}"
EndProject
Project("{9A19103F-16F7-4668-BE54-9A1E7A4F7556}") = "Ordering.Domain", "Services\Ordering\Ordering.Domain\Ordering.Domain.csproj", "{E22DC1F8-C98C-414A-93CF-6DB549F000F8}"
EndProject
Project("{9A19103F-16F7-4668-BE54-9A1E7A4F7556}") = "Ordering.Application", "Services\Ordering\Ordering.Application\Ordering.Application.csproj", "{314F13B2-7449-45DC-A949-8D5333289C02}"
EndProject
Project("{9A19103F-16F7-4668-BE54-9A1E7A4F7556}") = "Ordering.Infrastructure", "Services\Ordering\Ordering.Infrastructure\Ordering.Infrastructure.csproj", "{2A0350AE-501A-41EC-8DEE-34AC97FB9176}"
EndProject
Project("{2150E333-8FDC-42A3-9474-1A3956D46DE8}") = "BuildingBlocks", "BuildingBlocks", "{00B1010B-5345-4F4F-810D-96957DC57434}"
EndProject
Project("{9A19103F-16F7-4668-BE54-9A1E7A4F7556}") = "EventBus.Messages", "BuildingBlocks\EventBus.Messages\EventBus.Messages.csproj", "{DB79F83E-198E-43D9-BE24-B518836B987F}"
EndProject
Project("{2150E333-8FDC-42A3-9474-1A3956D46DE8}") = "ApiGateways", "ApiGateways", "{CDA1AFA7-CB50-4B35-A446-20DEA9B42EEB}"
EndProject
Project("{9A19103F-16F7-4668-BE54-9A1E7A4F7556}") = "OcelotApiGw", "ApiGateways\OcelotApiGw\OcelotApiGw.csproj", "{4BCF0319-37A6-40A4-9520-CD8D305C39D3}"
EndProject
Project("{FAE04EC0-301F-11D3-BF4B-00C04F79EFBC}") = "Shopping.Agregator", "ApiGateways\Shopping.Agregator\Shopping.Agregator.csproj", "{9E60FCED-7441-451B-9505-E8294C810E6B}"
EndProject
Global
	GlobalSection(SolutionConfigurationPlatforms) = preSolution
		Debug|Any CPU = Debug|Any CPU
		Release|Any CPU = Release|Any CPU
	EndGlobalSection
	GlobalSection(ProjectConfigurationPlatforms) = postSolution
		{38887455-F4C8-4B50-901E-243DE04C5484}.Debug|Any CPU.ActiveCfg = Debug|Any CPU
		{38887455-F4C8-4B50-901E-243DE04C5484}.Debug|Any CPU.Build.0 = Debug|Any CPU
		{38887455-F4C8-4B50-901E-243DE04C5484}.Release|Any CPU.ActiveCfg = Release|Any CPU
		{38887455-F4C8-4B50-901E-243DE04C5484}.Release|Any CPU.Build.0 = Release|Any CPU
		{4621189A-5CED-470D-9686-0AB9B500A379}.Debug|Any CPU.ActiveCfg = Debug|Any CPU
		{4621189A-5CED-470D-9686-0AB9B500A379}.Debug|Any CPU.Build.0 = Debug|Any CPU
		{4621189A-5CED-470D-9686-0AB9B500A379}.Release|Any CPU.ActiveCfg = Release|Any CPU
		{4621189A-5CED-470D-9686-0AB9B500A379}.Release|Any CPU.Build.0 = Release|Any CPU
		{C75ED9EC-FC61-4354-AFC3-0EF5F3DC5E85}.Debug|Any CPU.ActiveCfg = Debug|Any CPU
		{C75ED9EC-FC61-4354-AFC3-0EF5F3DC5E85}.Debug|Any CPU.Build.0 = Debug|Any CPU
		{C75ED9EC-FC61-4354-AFC3-0EF5F3DC5E85}.Release|Any CPU.ActiveCfg = Release|Any CPU
		{C75ED9EC-FC61-4354-AFC3-0EF5F3DC5E85}.Release|Any CPU.Build.0 = Release|Any CPU
		{09095B78-C3A8-47AD-88B5-CF19AE09103A}.Debug|Any CPU.ActiveCfg = Debug|Any CPU
		{09095B78-C3A8-47AD-88B5-CF19AE09103A}.Debug|Any CPU.Build.0 = Debug|Any CPU
		{09095B78-C3A8-47AD-88B5-CF19AE09103A}.Release|Any CPU.ActiveCfg = Release|Any CPU
		{09095B78-C3A8-47AD-88B5-CF19AE09103A}.Release|Any CPU.Build.0 = Release|Any CPU
		{75E350D8-C0D5-4CDD-BB2E-E160FA644F37}.Debug|Any CPU.ActiveCfg = Debug|Any CPU
		{75E350D8-C0D5-4CDD-BB2E-E160FA644F37}.Debug|Any CPU.Build.0 = Debug|Any CPU
		{75E350D8-C0D5-4CDD-BB2E-E160FA644F37}.Release|Any CPU.ActiveCfg = Release|Any CPU
		{75E350D8-C0D5-4CDD-BB2E-E160FA644F37}.Release|Any CPU.Build.0 = Release|Any CPU
		{AB20383B-FBA3-435F-9E6F-6FBB7CE77E47}.Debug|Any CPU.ActiveCfg = Debug|Any CPU
		{AB20383B-FBA3-435F-9E6F-6FBB7CE77E47}.Debug|Any CPU.Build.0 = Debug|Any CPU
		{AB20383B-FBA3-435F-9E6F-6FBB7CE77E47}.Release|Any CPU.ActiveCfg = Release|Any CPU
		{AB20383B-FBA3-435F-9E6F-6FBB7CE77E47}.Release|Any CPU.Build.0 = Release|Any CPU
		{E22DC1F8-C98C-414A-93CF-6DB549F000F8}.Debug|Any CPU.ActiveCfg = Debug|Any CPU
		{E22DC1F8-C98C-414A-93CF-6DB549F000F8}.Debug|Any CPU.Build.0 = Debug|Any CPU
		{E22DC1F8-C98C-414A-93CF-6DB549F000F8}.Release|Any CPU.ActiveCfg = Release|Any CPU
		{E22DC1F8-C98C-414A-93CF-6DB549F000F8}.Release|Any CPU.Build.0 = Release|Any CPU
		{314F13B2-7449-45DC-A949-8D5333289C02}.Debug|Any CPU.ActiveCfg = Debug|Any CPU
		{314F13B2-7449-45DC-A949-8D5333289C02}.Debug|Any CPU.Build.0 = Debug|Any CPU
		{314F13B2-7449-45DC-A949-8D5333289C02}.Release|Any CPU.ActiveCfg = Release|Any CPU
		{314F13B2-7449-45DC-A949-8D5333289C02}.Release|Any CPU.Build.0 = Release|Any CPU
		{2A0350AE-501A-41EC-8DEE-34AC97FB9176}.Debug|Any CPU.ActiveCfg = Debug|Any CPU
		{2A0350AE-501A-41EC-8DEE-34AC97FB9176}.Debug|Any CPU.Build.0 = Debug|Any CPU
		{2A0350AE-501A-41EC-8DEE-34AC97FB9176}.Release|Any CPU.ActiveCfg = Release|Any CPU
		{2A0350AE-501A-41EC-8DEE-34AC97FB9176}.Release|Any CPU.Build.0 = Release|Any CPU
		{DB79F83E-198E-43D9-BE24-B518836B987F}.Debug|Any CPU.ActiveCfg = Debug|Any CPU
		{DB79F83E-198E-43D9-BE24-B518836B987F}.Debug|Any CPU.Build.0 = Debug|Any CPU
		{DB79F83E-198E-43D9-BE24-B518836B987F}.Release|Any CPU.ActiveCfg = Release|Any CPU
		{DB79F83E-198E-43D9-BE24-B518836B987F}.Release|Any CPU.Build.0 = Release|Any CPU
		{4BCF0319-37A6-40A4-9520-CD8D305C39D3}.Debug|Any CPU.ActiveCfg = Debug|Any CPU
		{4BCF0319-37A6-40A4-9520-CD8D305C39D3}.Debug|Any CPU.Build.0 = Debug|Any CPU
		{4BCF0319-37A6-40A4-9520-CD8D305C39D3}.Release|Any CPU.ActiveCfg = Release|Any CPU
		{4BCF0319-37A6-40A4-9520-CD8D305C39D3}.Release|Any CPU.Build.0 = Release|Any CPU
		{9E60FCED-7441-451B-9505-E8294C810E6B}.Debug|Any CPU.ActiveCfg = Debug|Any CPU
		{9E60FCED-7441-451B-9505-E8294C810E6B}.Debug|Any CPU.Build.0 = Debug|Any CPU
		{9E60FCED-7441-451B-9505-E8294C810E6B}.Release|Any CPU.ActiveCfg = Release|Any CPU
		{9E60FCED-7441-451B-9505-E8294C810E6B}.Release|Any CPU.Build.0 = Release|Any CPU
	EndGlobalSection
	GlobalSection(SolutionProperties) = preSolution
		HideSolutionNode = FALSE
	EndGlobalSection
	GlobalSection(NestedProjects) = preSolution
		{A6EF10F7-2944-4917-AFB6-7EDC261D43E5} = {A69CD53A-464C-496C-906B-047EAD539CB4}
		{38887455-F4C8-4B50-901E-243DE04C5484} = {A6EF10F7-2944-4917-AFB6-7EDC261D43E5}
		{83FB337D-20E1-4619-9B5D-08BF0E75DFFC} = {A69CD53A-464C-496C-906B-047EAD539CB4}
		{C75ED9EC-FC61-4354-AFC3-0EF5F3DC5E85} = {83FB337D-20E1-4619-9B5D-08BF0E75DFFC}
		{20A058A2-9A1C-441C-96AD-A8B04A68C8F2} = {A69CD53A-464C-496C-906B-047EAD539CB4}
		{09095B78-C3A8-47AD-88B5-CF19AE09103A} = {20A058A2-9A1C-441C-96AD-A8B04A68C8F2}
		{75E350D8-C0D5-4CDD-BB2E-E160FA644F37} = {20A058A2-9A1C-441C-96AD-A8B04A68C8F2}
		{35000FFB-593D-434D-8D39-9535D54CCAB0} = {A69CD53A-464C-496C-906B-047EAD539CB4}
		{AB20383B-FBA3-435F-9E6F-6FBB7CE77E47} = {35000FFB-593D-434D-8D39-9535D54CCAB0}
		{E22DC1F8-C98C-414A-93CF-6DB549F000F8} = {35000FFB-593D-434D-8D39-9535D54CCAB0}
		{314F13B2-7449-45DC-A949-8D5333289C02} = {35000FFB-593D-434D-8D39-9535D54CCAB0}
		{2A0350AE-501A-41EC-8DEE-34AC97FB9176} = {35000FFB-593D-434D-8D39-9535D54CCAB0}
		{DB79F83E-198E-43D9-BE24-B518836B987F} = {00B1010B-5345-4F4F-810D-96957DC57434}
		{4BCF0319-37A6-40A4-9520-CD8D305C39D3} = {CDA1AFA7-CB50-4B35-A446-20DEA9B42EEB}
		{9E60FCED-7441-451B-9505-E8294C810E6B} = {CDA1AFA7-CB50-4B35-A446-20DEA9B42EEB}
	EndGlobalSection
	GlobalSection(ExtensibilityGlobals) = postSolution
		SolutionGuid = {4AD8854D-4861-47C2-B504-1588F40349AD}
	EndGlobalSection
EndGlobal
